
Microsoft Visual Studio Solution File, Format Version 12.00
# Visual Studio Version 16
VisualStudioVersion = 16.0.808.6
MinimumVisualStudioVersion = 10.0.40219.1
Project("{FAE04EC0-301F-11D3-BF4B-00C04F79EFBC}") = "EcommerceOne.WebApp", "EcommerceOne.WebApp\EcommerceOne.WebApp.csproj", "{E1B67DFE-5D36-44A2-A31D-6B5746B45224}"
EndProject
Global
	GlobalSection(SolutionConfigurationPlatforms) = preSolution
		Debug|Any CPU = Debug|Any CPU
		Release|Any CPU = Release|Any CPU
	EndGlobalSection
	GlobalSection(ProjectConfigurationPlatforms) = postSolution
		{E1B67DFE-5D36-44A2-A31D-6B5746B45224}.Debug|Any CPU.ActiveCfg = Debug|Any CPU
		{E1B67DFE-5D36-44A2-A31D-6B5746B45224}.Debug|Any CPU.Build.0 = Debug|Any CPU
		{E1B67DFE-5D36-44A2-A31D-6B5746B45224}.Release|Any CPU.ActiveCfg = Release|Any CPU
		{E1B67DFE-5D36-44A2-A31D-6B5746B45224}.Release|Any CPU.Build.0 = Release|Any CPU
	EndGlobalSection
	GlobalSection(SolutionProperties) = preSolution
		HideSolutionNode = FALSE
	EndGlobalSection
	GlobalSection(ExtensibilityGlobals) = postSolution
		SolutionGuid = {5BFA9813-A353-4B2F-BE5F-66908FD99EDC}
	EndGlobalSection
EndGlobal
